
Microsoft Visual Studio Solution File, Format Version 12.00
Project("{FAE04EC0-301F-11D3-BF4B-00C04F79EFBC}") = "Client", "Client\Client.csproj", "{B332D201-6C5C-4D35-8317-052136214B18}"
EndProject
Project("{FAE04EC0-301F-11D3-BF4B-00C04F79EFBC}") = "Server", "Server\Server.csproj", "{706CC713-F083-4462-9CC0-F773040D9162}"
EndProject
Global
	GlobalSection(SolutionConfigurationPlatforms) = preSolution
		Debug|Any CPU = Debug|Any CPU
		Release|Any CPU = Release|Any CPU
	EndGlobalSection
	GlobalSection(ProjectConfigurationPlatforms) = postSolution
		{B332D201-6C5C-4D35-8317-052136214B18}.Debug|Any CPU.ActiveCfg = Debug|Any CPU
		{B332D201-6C5C-4D35-8317-052136214B18}.Debug|Any CPU.Build.0 = Debug|Any CPU
		{B332D201-6C5C-4D35-8317-052136214B18}.Release|Any CPU.ActiveCfg = Release|Any CPU
		{B332D201-6C5C-4D35-8317-052136214B18}.Release|Any CPU.Build.0 = Release|Any CPU
		{706CC713-F083-4462-9CC0-F773040D9162}.Debug|Any CPU.ActiveCfg = Debug|Any CPU
		{706CC713-F083-4462-9CC0-F773040D9162}.Debug|Any CPU.Build.0 = Debug|Any CPU
		{706CC713-F083-4462-9CC0-F773040D9162}.Release|Any CPU.ActiveCfg = Release|Any CPU
		{706CC713-F083-4462-9CC0-F773040D9162}.Release|Any CPU.Build.0 = Release|Any CPU
	EndGlobalSection
EndGlobal
